
Microsoft Visual Studio Solution File, Format Version 12.00
# Visual Studio Version 17
VisualStudioVersion = 17.13.35931.197 d17.13
MinimumVisualStudioVersion = 10.0.40219.1
Project("{FAE04EC0-301F-11D3-BF4B-00C04F79EFBC}") = "CompanyEmployees", "CompanyEmployees\CompanyEmployees.csproj", "{2B3546D5-2D1A-4CA0-A0CB-0164064B8866}"
EndProject
Project("{FAE04EC0-301F-11D3-BF4B-00C04F79EFBC}") = "Contracts", "Contracts\Contracts.csproj", "{A000B5BA-FB2B-4307-A359-8D669D840C29}"
EndProject
Project("{FAE04EC0-301F-11D3-BF4B-00C04F79EFBC}") = "LoggerService", "LoggerService\LoggerService.csproj", "{34596DDE-2EDA-479B-8622-CD9627AAB7AE}"
EndProject
Global
	GlobalSection(SolutionConfigurationPlatforms) = preSolution
		Debug|Any CPU = Debug|Any CPU
		Release|Any CPU = Release|Any CPU
	EndGlobalSection
	GlobalSection(ProjectConfigurationPlatforms) = postSolution
		{2B3546D5-2D1A-4CA0-A0CB-0164064B8866}.Debug|Any CPU.ActiveCfg = Debug|Any CPU
		{2B3546D5-2D1A-4CA0-A0CB-0164064B8866}.Debug|Any CPU.Build.0 = Debug|Any CPU
		{2B3546D5-2D1A-4CA0-A0CB-0164064B8866}.Release|Any CPU.ActiveCfg = Release|Any CPU
		{2B3546D5-2D1A-4CA0-A0CB-0164064B8866}.Release|Any CPU.Build.0 = Release|Any CPU
		{A000B5BA-FB2B-4307-A359-8D669D840C29}.Debug|Any CPU.ActiveCfg = Debug|Any CPU
		{A000B5BA-FB2B-4307-A359-8D669D840C29}.Debug|Any CPU.Build.0 = Debug|Any CPU
		{A000B5BA-FB2B-4307-A359-8D669D840C29}.Release|Any CPU.ActiveCfg = Release|Any CPU
		{A000B5BA-FB2B-4307-A359-8D669D840C29}.Release|Any CPU.Build.0 = Release|Any CPU
		{34596DDE-2EDA-479B-8622-CD9627AAB7AE}.Debug|Any CPU.ActiveCfg = Debug|Any CPU
		{34596DDE-2EDA-479B-8622-CD9627AAB7AE}.Debug|Any CPU.Build.0 = Debug|Any CPU
		{34596DDE-2EDA-479B-8622-CD9627AAB7AE}.Release|Any CPU.ActiveCfg = Release|Any CPU
		{34596DDE-2EDA-479B-8622-CD9627AAB7AE}.Release|Any CPU.Build.0 = Release|Any CPU
	EndGlobalSection
	GlobalSection(SolutionProperties) = preSolution
		HideSolutionNode = FALSE
	EndGlobalSection
	GlobalSection(ExtensibilityGlobals) = postSolution
		SolutionGuid = {B2840CC5-962E-461E-A08C-D8D80C73D7B5}
	EndGlobalSection
EndGlobal
